
Microsoft Visual Studio Solution File, Format Version 12.00
# Visual Studio 15
VisualStudioVersion = 15.0.27703.2047
MinimumVisualStudioVersion = 10.0.40219.1
Project("{FAE04EC0-301F-11D3-BF4B-00C04F79EFBC}") = "RomanNumeral", "RomanNumeral\RomanNumeral.csproj", "{86B8FFEB-31B3-47BC-A50B-FEE48F09B27B}"
EndProject
Project("{FAE04EC0-301F-11D3-BF4B-00C04F79EFBC}") = "RomanNumeralTests", "RomanNumeralTests\RomanNumeralTests.csproj", "{4417769E-5675-4123-961C-D47C270B7133}"
EndProject
Global
	GlobalSection(SolutionConfigurationPlatforms) = preSolution
		Debug|Any CPU = Debug|Any CPU
		Release|Any CPU = Release|Any CPU
	EndGlobalSection
	GlobalSection(ProjectConfigurationPlatforms) = postSolution
		{86B8FFEB-31B3-47BC-A50B-FEE48F09B27B}.Debug|Any CPU.ActiveCfg = Debug|Any CPU
		{86B8FFEB-31B3-47BC-A50B-FEE48F09B27B}.Debug|Any CPU.Build.0 = Debug|Any CPU
		{86B8FFEB-31B3-47BC-A50B-FEE48F09B27B}.Release|Any CPU.ActiveCfg = Release|Any CPU
		{86B8FFEB-31B3-47BC-A50B-FEE48F09B27B}.Release|Any CPU.Build.0 = Release|Any CPU
		{4417769E-5675-4123-961C-D47C270B7133}.Debug|Any CPU.ActiveCfg = Debug|Any CPU
		{4417769E-5675-4123-961C-D47C270B7133}.Debug|Any CPU.Build.0 = Debug|Any CPU
		{4417769E-5675-4123-961C-D47C270B7133}.Release|Any CPU.ActiveCfg = Release|Any CPU
		{4417769E-5675-4123-961C-D47C270B7133}.Release|Any CPU.Build.0 = Release|Any CPU
	EndGlobalSection
	GlobalSection(SolutionProperties) = preSolution
		HideSolutionNode = FALSE
	EndGlobalSection
	GlobalSection(ExtensibilityGlobals) = postSolution
		SolutionGuid = {299611D0-4947-49E8-946A-C9C86A833612}
	EndGlobalSection
EndGlobal
